// !$*UTF8*$!
{
	archiveVersion = 1;
	classes = {
	};
	objectVersion = 46;
	objects = {

/* Begin PBXBuildFile section */
		E976C3FE18351535004E1AA5 /* TWMAppDelegate.m in Sources */ = {isa = PBXBuildFile; fileRef = E976C3F218351535004E1AA5 /* TWMAppDelegate.m */; };
		E976C3FF18351535004E1AA5 /* main.m in Sources */ = {isa = PBXBuildFile; fileRef = E976C3F618351535004E1AA5 /* main.m */; };
		E976C40018351535004E1AA5 /* Images.xcassets in Resources */ = {isa = PBXBuildFile; fileRef = E976C3F918351535004E1AA5 /* Images.xcassets */; };
		E976C40118351535004E1AA5 /* InfoPlist.strings in Resources */ = {isa = PBXBuildFile; fileRef = E976C3FB18351535004E1AA5 /* InfoPlist.strings */; };
		E976C40218351535004E1AA5 /* TWMasterclass-Info.plist in Resources */ = {isa = PBXBuildFile; fileRef = E976C3FD18351535004E1AA5 /* TWMasterclass-Info.plist */; };
		E976C40518351750004E1AA5 /* TWMHomeViewController.m in Sources */ = {isa = PBXBuildFile; fileRef = E976C40418351750004E1AA5 /* TWMHomeViewController.m */; };
		E976C40818351778004E1AA5 /* TWMHomeView.m in Sources */ = {isa = PBXBuildFile; fileRef = E976C40718351778004E1AA5 /* TWMHomeView.m */; };
		E976C40A183517AA004E1AA5 /* TWMHomeView.xib in Resources */ = {isa = PBXBuildFile; fileRef = E976C409183517AA004E1AA5 /* TWMHomeView.xib */; };
		E9FE4C83183509A800B395A9 /* Foundation.framework in Frameworks */ = {isa = PBXBuildFile; fileRef = E9FE4C82183509A800B395A9 /* Foundation.framework */; };
		E9FE4C85183509A800B395A9 /* CoreGraphics.framework in Frameworks */ = {isa = PBXBuildFile; fileRef = E9FE4C84183509A800B395A9 /* CoreGraphics.framework */; };
		E9FE4C87183509A800B395A9 /* UIKit.framework in Frameworks */ = {isa = PBXBuildFile; fileRef = E9FE4C86183509A800B395A9 /* UIKit.framework */; };
		E9FE4C9C183509A800B395A9 /* XCTest.framework in Frameworks */ = {isa = PBXBuildFile; fileRef = E9FE4C9B183509A800B395A9 /* XCTest.framework */; };
		E9FE4C9D183509A800B395A9 /* Foundation.framework in Frameworks */ = {isa = PBXBuildFile; fileRef = E9FE4C82183509A800B395A9 /* Foundation.framework */; };
		E9FE4C9E183509A800B395A9 /* UIKit.framework in Frameworks */ = {isa = PBXBuildFile; fileRef = E9FE4C86183509A800B395A9 /* UIKit.framework */; };
/* End PBXBuildFile section */

/* Begin PBXContainerItemProxy section */
		E9FE4C9F183509A800B395A9 /* PBXContainerItemProxy */ = {
			isa = PBXContainerItemProxy;
			containerPortal = E9FE4C77183509A800B395A9 /* Project object */;
			proxyType = 1;
			remoteGlobalIDString = E9FE4C7E183509A800B395A9;
			remoteInfo = TWMasterclass;
		};
/* End PBXContainerItemProxy section */

/* Begin PBXFileReference section */
		53E7FD27BA0A4577BE85A597 /* libPods.a */ = {isa = PBXFileReference; explicitFileType = archive.ar; includeInIndex = 0; path = libPods.a; sourceTree = BUILT_PRODUCTS_DIR; };
		E976C3F118351535004E1AA5 /* TWMAppDelegate.h */ = {isa = PBXFileReference; fileEncoding = 4; lastKnownFileType = sourcecode.c.h; path = TWMAppDelegate.h; sourceTree = "<group>"; };
		E976C3F218351535004E1AA5 /* TWMAppDelegate.m */ = {isa = PBXFileReference; fileEncoding = 4; lastKnownFileType = sourcecode.c.objc; path = TWMAppDelegate.m; sourceTree = "<group>"; };
		E976C3F618351535004E1AA5 /* main.m */ = {isa = PBXFileReference; fileEncoding = 4; lastKnownFileType = sourcecode.c.objc; path = main.m; sourceTree = "<group>"; };
		E976C3F718351535004E1AA5 /* TWMasterclass-Prefix.pch */ = {isa = PBXFileReference; fileEncoding = 4; lastKnownFileType = sourcecode.c.h; path = "TWMasterclass-Prefix.pch"; sourceTree = "<group>"; };
		E976C3F918351535004E1AA5 /* Images.xcassets */ = {isa = PBXFileReference; lastKnownFileType = folder.assetcatalog; path = Images.xcassets; sourceTree = "<group>"; };
		E976C3FC18351535004E1AA5 /* en */ = {isa = PBXFileReference; lastKnownFileType = text.plist.strings; name = en; path = en.lproj/InfoPlist.strings; sourceTree = "<group>"; };
		E976C3FD18351535004E1AA5 /* TWMasterclass-Info.plist */ = {isa = PBXFileReference; fileEncoding = 4; lastKnownFileType = text.plist.xml; path = "TWMasterclass-Info.plist"; sourceTree = "<group>"; };
		E976C40318351750004E1AA5 /* TWMHomeViewController.h */ = {isa = PBXFileReference; fileEncoding = 4; lastKnownFileType = sourcecode.c.h; path = TWMHomeViewController.h; sourceTree = "<group>"; };
		E976C40418351750004E1AA5 /* TWMHomeViewController.m */ = {isa = PBXFileReference; fileEncoding = 4; lastKnownFileType = sourcecode.c.objc; path = TWMHomeViewController.m; sourceTree = "<group>"; };
		E976C40618351778004E1AA5 /* TWMHomeView.h */ = {isa = PBXFileReference; fileEncoding = 4; lastKnownFileType = sourcecode.c.h; path = TWMHomeView.h; sourceTree = "<group>"; };
		E976C40718351778004E1AA5 /* TWMHomeView.m */ = {isa = PBXFileReference; fileEncoding = 4; lastKnownFileType = sourcecode.c.objc; path = TWMHomeView.m; sourceTree = "<group>"; };
		E976C409183517AA004E1AA5 /* TWMHomeView.xib */ = {isa = PBXFileReference; fileEncoding = 4; lastKnownFileType = file.xib; path = TWMHomeView.xib; sourceTree = "<group>"; };
		E9FE4C7F183509A800B395A9 /* TWMasterclass.app */ = {isa = PBXFileReference; explicitFileType = wrapper.application; includeInIndex = 0; path = TWMasterclass.app; sourceTree = BUILT_PRODUCTS_DIR; };
		E9FE4C82183509A800B395A9 /* Foundation.framework */ = {isa = PBXFileReference; lastKnownFileType = wrapper.framework; name = Foundation.framework; path = System/Library/Frameworks/Foundation.framework; sourceTree = SDKROOT; };
		E9FE4C84183509A800B395A9 /* CoreGraphics.framework */ = {isa = PBXFileReference; lastKnownFileType = wrapper.framework; name = CoreGraphics.framework; path = System/Library/Frameworks/CoreGraphics.framework; sourceTree = SDKROOT; };
		E9FE4C86183509A800B395A9 /* UIKit.framework */ = {isa = PBXFileReference; lastKnownFileType = wrapper.framework; name = UIKit.framework; path = System/Library/Frameworks/UIKit.framework; sourceTree = SDKROOT; };
		E9FE4C9A183509A800B395A9 /* TWMasterclassTests.xctest */ = {isa = PBXFileReference; explicitFileType = wrapper.cfbundle; includeInIndex = 0; path = TWMasterclassTests.xctest; sourceTree = BUILT_PRODUCTS_DIR; };
		E9FE4C9B183509A800B395A9 /* XCTest.framework */ = {isa = PBXFileReference; lastKnownFileType = wrapper.framework; name = XCTest.framework; path = Library/Frameworks/XCTest.framework; sourceTree = DEVELOPER_DIR; };
/* End PBXFileReference section */

/* Begin PBXFrameworksBuildPhase section */
		E9FE4C7C183509A800B395A9 /* Frameworks */ = {
			isa = PBXFrameworksBuildPhase;
			buildActionMask = 2147483647;
			files = (
				E9FE4C85183509A800B395A9 /* CoreGraphics.framework in Frameworks */,
				E9FE4C87183509A800B395A9 /* UIKit.framework in Frameworks */,
				E9FE4C83183509A800B395A9 /* Foundation.framework in Frameworks */,
			);
			runOnlyForDeploymentPostprocessing = 0;
		};
		E9FE4C97183509A800B395A9 /* Frameworks */ = {
			isa = PBXFrameworksBuildPhase;
			buildActionMask = 2147483647;
			files = (
				E9FE4C9C183509A800B395A9 /* XCTest.framework in Frameworks */,
				E9FE4C9E183509A800B395A9 /* UIKit.framework in Frameworks */,
				E9FE4C9D183509A800B395A9 /* Foundation.framework in Frameworks */,
			);
			runOnlyForDeploymentPostprocessing = 0;
		};
/* End PBXFrameworksBuildPhase section */

/* Begin PBXGroup section */
		E976C3EF18351535004E1AA5 /* Classes */ = {
			isa = PBXGroup;
			children = (
				E976C3F018351535004E1AA5 /* Application */,
				E976C3F318351535004E1AA5 /* ViewControllers */,
				E976C3F418351535004E1AA5 /* Views */,
			);
			path = Classes;
			sourceTree = "<group>";
		};
		E976C3F018351535004E1AA5 /* Application */ = {
			isa = PBXGroup;
			children = (
				E976C3F118351535004E1AA5 /* TWMAppDelegate.h */,
				E976C3F218351535004E1AA5 /* TWMAppDelegate.m */,
			);
			path = Application;
			sourceTree = "<group>";
		};
		E976C3F318351535004E1AA5 /* ViewControllers */ = {
			isa = PBXGroup;
			children = (
				E976C40318351750004E1AA5 /* TWMHomeViewController.h */,
				E976C40418351750004E1AA5 /* TWMHomeViewController.m */,
			);
			path = ViewControllers;
			sourceTree = "<group>";
		};
		E976C3F418351535004E1AA5 /* Views */ = {
			isa = PBXGroup;
			children = (
				E976C40618351778004E1AA5 /* TWMHomeView.h */,
				E976C40718351778004E1AA5 /* TWMHomeView.m */,
				E976C409183517AA004E1AA5 /* TWMHomeView.xib */,
			);
			path = Views;
			sourceTree = "<group>";
		};
		E976C3F518351535004E1AA5 /* Other Sources */ = {
			isa = PBXGroup;
			children = (
				E976C3F618351535004E1AA5 /* main.m */,
				E976C3F718351535004E1AA5 /* TWMasterclass-Prefix.pch */,
			);
			path = "Other Sources";
			sourceTree = "<group>";
		};
		E976C3F818351535004E1AA5 /* Resources */ = {
			isa = PBXGroup;
			children = (
				E976C3F918351535004E1AA5 /* Images.xcassets */,
			);
			path = Resources;
			sourceTree = "<group>";
		};
		E976C3FA18351535004E1AA5 /* Supporting Files */ = {
			isa = PBXGroup;
			children = (
				E976C3FB18351535004E1AA5 /* InfoPlist.strings */,
				E976C3FD18351535004E1AA5 /* TWMasterclass-Info.plist */,
			);
			path = "Supporting Files";
			sourceTree = "<group>";
		};
		E9FE4C76183509A800B395A9 = {
			isa = PBXGroup;
			children = (
				E9FE4C88183509A800B395A9 /* TWMasterclass */,
				E9FE4C81183509A800B395A9 /* Frameworks */,
				E9FE4C80183509A800B395A9 /* Products */,
			);
			sourceTree = "<group>";
		};
		E9FE4C80183509A800B395A9 /* Products */ = {
			isa = PBXGroup;
			children = (
				E9FE4C7F183509A800B395A9 /* TWMasterclass.app */,
				E9FE4C9A183509A800B395A9 /* TWMasterclassTests.xctest */,
			);
			name = Products;
			sourceTree = "<group>";
		};
		E9FE4C81183509A800B395A9 /* Frameworks */ = {
			isa = PBXGroup;
			children = (
				E9FE4C82183509A800B395A9 /* Foundation.framework */,
				E9FE4C84183509A800B395A9 /* CoreGraphics.framework */,
				E9FE4C86183509A800B395A9 /* UIKit.framework */,
				E9FE4C9B183509A800B395A9 /* XCTest.framework */,
				53E7FD27BA0A4577BE85A597 /* libPods.a */,
			);
			name = Frameworks;
			sourceTree = "<group>";
		};
		E9FE4C88183509A800B395A9 /* TWMasterclass */ = {
			isa = PBXGroup;
			children = (
				E976C3EF18351535004E1AA5 /* Classes */,
				E976C3F518351535004E1AA5 /* Other Sources */,
				E976C3F818351535004E1AA5 /* Resources */,
				E976C3FA18351535004E1AA5 /* Supporting Files */,
			);
			path = TWMasterclass;
			sourceTree = "<group>";
		};
/* End PBXGroup section */

/* Begin PBXNativeTarget section */
		E9FE4C7E183509A800B395A9 /* TWMasterclass */ = {
			isa = PBXNativeTarget;
			buildConfigurationList = E9FE4CAB183509A800B395A9 /* Build configuration list for PBXNativeTarget "TWMasterclass" */;
			buildPhases = (
				E9FE4C7B183509A800B395A9 /* Sources */,
				E9FE4C7C183509A800B395A9 /* Frameworks */,
				E9FE4C7D183509A800B395A9 /* Resources */,
			);
			buildRules = (
			);
			dependencies = (
			);
			name = TWMasterclass;
			productName = TWMasterclass;
			productReference = E9FE4C7F183509A800B395A9 /* TWMasterclass.app */;
			productType = "com.apple.product-type.application";
		};
		E9FE4C99183509A800B395A9 /* TWMasterclassTests */ = {
			isa = PBXNativeTarget;
			buildConfigurationList = E9FE4CAE183509A800B395A9 /* Build configuration list for PBXNativeTarget "TWMasterclassTests" */;
			buildPhases = (
				E9FE4C96183509A800B395A9 /* Sources */,
				E9FE4C97183509A800B395A9 /* Frameworks */,
				E9FE4C98183509A800B395A9 /* Resources */,
			);
			buildRules = (
			);
			dependencies = (
				E9FE4CA0183509A800B395A9 /* PBXTargetDependency */,
			);
			name = TWMasterclassTests;
			productName = TWMasterclassTests;
			productReference = E9FE4C9A183509A800B395A9 /* TWMasterclassTests.xctest */;
			productType = "com.apple.product-type.bundle.unit-test";
		};
/* End PBXNativeTarget section */

/* Begin PBXProject section */
		E9FE4C77183509A800B395A9 /* Project object */ = {
			isa = PBXProject;
			attributes = {
				CLASSPREFIX = TWM;
				LastUpgradeCheck = 0500;
				ORGANIZATIONNAME = Touchwonders;
				TargetAttributes = {
					E9FE4C99183509A800B395A9 = {
						TestTargetID = E9FE4C7E183509A800B395A9;
					};
				};
			};
			buildConfigurationList = E9FE4C7A183509A800B395A9 /* Build configuration list for PBXProject "TWMasterclass" */;
			compatibilityVersion = "Xcode 3.2";
			developmentRegion = English;
			hasScannedForEncodings = 0;
			knownRegions = (
				en,
			);
			mainGroup = E9FE4C76183509A800B395A9;
			productRefGroup = E9FE4C80183509A800B395A9 /* Products */;
			projectDirPath = "";
			projectRoot = "";
			targets = (
				E9FE4C7E183509A800B395A9 /* TWMasterclass */,
				E9FE4C99183509A800B395A9 /* TWMasterclassTests */,
			);
		};
/* End PBXProject section */

/* Begin PBXResourcesBuildPhase section */
		E9FE4C7D183509A800B395A9 /* Resources */ = {
			isa = PBXResourcesBuildPhase;
			buildActionMask = 2147483647;
			files = (
				E976C40A183517AA004E1AA5 /* TWMHomeView.xib in Resources */,
				E976C40018351535004E1AA5 /* Images.xcassets in Resources */,
				E976C40118351535004E1AA5 /* InfoPlist.strings in Resources */,
				E976C40218351535004E1AA5 /* TWMasterclass-Info.plist in Resources */,
			);
			runOnlyForDeploymentPostprocessing = 0;
		};
		E9FE4C98183509A800B395A9 /* Resources */ = {
			isa = PBXResourcesBuildPhase;
			buildActionMask = 2147483647;
			files = (
			);
			runOnlyForDeploymentPostprocessing = 0;
		};
/* End PBXResourcesBuildPhase section */

/* Begin PBXSourcesBuildPhase section */
		E9FE4C7B183509A800B395A9 /* Sources */ = {
			isa = PBXSourcesBuildPhase;
			buildActionMask = 2147483647;
			files = (
				E976C40818351778004E1AA5 /* TWMHomeView.m in Sources */,
				E976C40518351750004E1AA5 /* TWMHomeViewController.m in Sources */,
				E976C3FF18351535004E1AA5 /* main.m in Sources */,
				E976C3FE18351535004E1AA5 /* TWMAppDelegate.m in Sources */,
			);
			runOnlyForDeploymentPostprocessing = 0;
		};
		E9FE4C96183509A800B395A9 /* Sources */ = {
			isa = PBXSourcesBuildPhase;
			buildActionMask = 2147483647;
			files = (
			);
			runOnlyForDeploymentPostprocessing = 0;
		};
/* End PBXSourcesBuildPhase section */

/* Begin PBXTargetDependency section */
		E9FE4CA0183509A800B395A9 /* PBXTargetDependency */ = {
			isa = PBXTargetDependency;
			target = E9FE4C7E183509A800B395A9 /* TWMasterclass */;
			targetProxy = E9FE4C9F183509A800B395A9 /* PBXContainerItemProxy */;
		};
/* End PBXTargetDependency section */

/* Begin PBXVariantGroup section */
		E976C3FB18351535004E1AA5 /* InfoPlist.strings */ = {
			isa = PBXVariantGroup;
			children = (
				E976C3FC18351535004E1AA5 /* en */,
			);
			name = InfoPlist.strings;
			sourceTree = "<group>";
		};
/* End PBXVariantGroup section */

/* Begin XCBuildConfiguration section */
		E9FE4CA9183509A800B395A9 /* Debug */ = {
			isa = XCBuildConfiguration;
			buildSettings = {
				ALWAYS_SEARCH_USER_PATHS = NO;
				ARCHS = "$(ARCHS_STANDARD_INCLUDING_64_BIT)";
				CLANG_CXX_LANGUAGE_STANDARD = "gnu++0x";
				CLANG_CXX_LIBRARY = "libc++";
				CLANG_ENABLE_MODULES = YES;
				CLANG_ENABLE_OBJC_ARC = YES;
				CLANG_WARN_BOOL_CONVERSION = YES;
				CLANG_WARN_CONSTANT_CONVERSION = YES;
				CLANG_WARN_DIRECT_OBJC_ISA_USAGE = YES_ERROR;
				CLANG_WARN_EMPTY_BODY = YES;
				CLANG_WARN_ENUM_CONVERSION = YES;
				CLANG_WARN_INT_CONVERSION = YES;
				CLANG_WARN_OBJC_ROOT_CLASS = YES_ERROR;
				CLANG_WARN__DUPLICATE_METHOD_MATCH = YES;
				"CODE_SIGN_IDENTITY[sdk=iphoneos*]" = "iPhone Developer";
				COPY_PHASE_STRIP = NO;
				GCC_C_LANGUAGE_STANDARD = gnu99;
				GCC_DYNAMIC_NO_PIC = NO;
				GCC_OPTIMIZATION_LEVEL = 0;
				GCC_PREPROCESSOR_DEFINITIONS = (
					"DEBUG=1",
					"$(inherited)",
				);
				GCC_SYMBOLS_PRIVATE_EXTERN = NO;
				GCC_WARN_64_TO_32_BIT_CONVERSION = YES;
				GCC_WARN_ABOUT_RETURN_TYPE = YES_ERROR;
				GCC_WARN_UNDECLARED_SELECTOR = YES;
				GCC_WARN_UNINITIALIZED_AUTOS = YES;
				GCC_WARN_UNUSED_FUNCTION = YES;
				GCC_WARN_UNUSED_VARIABLE = YES;
				IPHONEOS_DEPLOYMENT_TARGET = 7.0;
				ONLY_ACTIVE_ARCH = YES;
				SDKROOT = iphoneos;
				TARGETED_DEVICE_FAMILY = 2;
			};
			name = Debug;
		};
		E9FE4CAA183509A800B395A9 /* Release */ = {
			isa = XCBuildConfiguration;
			buildSettings = {
				ALWAYS_SEARCH_USER_PATHS = NO;
				ARCHS = "$(ARCHS_STANDARD_INCLUDING_64_BIT)";
				CLANG_CXX_LANGUAGE_STANDARD = "gnu++0x";
				CLANG_CXX_LIBRARY = "libc++";
				CLANG_ENABLE_MODULES = YES;
				CLANG_ENABLE_OBJC_ARC = YES;
				CLANG_WARN_BOOL_CONVERSION = YES;
				CLANG_WARN_CONSTANT_CONVERSION = YES;
				CLANG_WARN_DIRECT_OBJC_ISA_USAGE = YES_ERROR;
				CLANG_WARN_EMPTY_BODY = YES;
				CLANG_WARN_ENUM_CONVERSION = YES;
				CLANG_WARN_INT_CONVERSION = YES;
				CLANG_WARN_OBJC_ROOT_CLASS = YES_ERROR;
				CLANG_WARN__DUPLICATE_METHOD_MATCH = YES;
				"CODE_SIGN_IDENTITY[sdk=iphoneos*]" = "iPhone Developer";
				COPY_PHASE_STRIP = YES;
				ENABLE_NS_ASSERTIONS = NO;
				GCC_C_LANGUAGE_STANDARD = gnu99;
				GCC_WARN_64_TO_32_BIT_CONVERSION = YES;
				GCC_WARN_ABOUT_RETURN_TYPE = YES_ERROR;
				GCC_WARN_UNDECLARED_SELECTOR = YES;
				GCC_WARN_UNINITIALIZED_AUTOS = YES;
				GCC_WARN_UNUSED_FUNCTION = YES;
				GCC_WARN_UNUSED_VARIABLE = YES;
				IPHONEOS_DEPLOYMENT_TARGET = 7.0;
				SDKROOT = iphoneos;
				TARGETED_DEVICE_FAMILY = 2;
				VALIDATE_PRODUCT = YES;
			};
			name = Release;
		};
		E9FE4CAC183509A800B395A9 /* Debug */ = {
			isa = XCBuildConfiguration;
			buildSettings = {
				ASSETCATALOG_COMPILER_APPICON_NAME = AppIcon;
				ASSETCATALOG_COMPILER_LAUNCHIMAGE_NAME = LaunchImage;
				GCC_PRECOMPILE_PREFIX_HEADER = YES;
				GCC_PREFIX_HEADER = "TWMasterclass/Other Sources/TWMasterclass-Prefix.pch";
				INFOPLIST_FILE = "TWMasterclass/Supporting Files/TWMasterclass-Info.plist";
				PRODUCT_NAME = "$(TARGET_NAME)";
				WRAPPER_EXTENSION = app;
			};
			name = Debug;
		};
		E9FE4CAD183509A800B395A9 /* Release */ = {
			isa = XCBuildConfiguration;
			buildSettings = {
				ASSETCATALOG_COMPILER_APPICON_NAME = AppIcon;
				ASSETCATALOG_COMPILER_LAUNCHIMAGE_NAME = LaunchImage;
				GCC_PRECOMPILE_PREFIX_HEADER = YES;
				GCC_PREFIX_HEADER = "TWMasterclass/Other Sources/TWMasterclass-Prefix.pch";
				INFOPLIST_FILE = "TWMasterclass/Supporting Files/TWMasterclass-Info.plist";
				PRODUCT_NAME = "$(TARGET_NAME)";
				WRAPPER_EXTENSION = app;
			};
			name = Release;
		};
		E9FE4CAF183509A800B395A9 /* Debug */ = {
			isa = XCBuildConfiguration;
			buildSettings = {
				ARCHS = "$(ARCHS_STANDARD_INCLUDING_64_BIT)";
				BUNDLE_LOADER = "$(BUILT_PRODUCTS_DIR)/TWMasterclass.app/TWMasterclass";
				FRAMEWORK_SEARCH_PATHS = (
					"$(SDKROOT)/Developer/Library/Frameworks",
					"$(inherited)",
					"$(DEVELOPER_FRAMEWORKS_DIR)",
				);
				GCC_PRECOMPILE_PREFIX_HEADER = YES;
				GCC_PREFIX_HEADER = "TWMasterclass/TWMasterclass-Prefix.pch";
				GCC_PREPROCESSOR_DEFINITIONS = (
					"DEBUG=1",
					"$(inherited)",
				);
				INFOPLIST_FILE = "TWMasterclassTests/TWMasterclassTests-Info.plist";
				PRODUCT_NAME = "$(TARGET_NAME)";
				TEST_HOST = "$(BUNDLE_LOADER)";
				WRAPPER_EXTENSION = xctest;
			};
			name = Debug;
		};
		E9FE4CB0183509A800B395A9 /* Release */ = {
			isa = XCBuildConfiguration;
			buildSettings = {
				ARCHS = "$(ARCHS_STANDARD_INCLUDING_64_BIT)";
				BUNDLE_LOADER = "$(BUILT_PRODUCTS_DIR)/TWMasterclass.app/TWMasterclass";
				FRAMEWORK_SEARCH_PATHS = (
					"$(SDKROOT)/Developer/Library/Frameworks",
					"$(inherited)",
					"$(DEVELOPER_FRAMEWORKS_DIR)",
				);
				GCC_PRECOMPILE_PREFIX_HEADER = YES;
				GCC_PREFIX_HEADER = "TWMasterclass/TWMasterclass-Prefix.pch";
				INFOPLIST_FILE = "TWMasterclassTests/TWMasterclassTests-Info.plist";
				PRODUCT_NAME = "$(TARGET_NAME)";
				TEST_HOST = "$(BUNDLE_LOADER)";
				WRAPPER_EXTENSION = xctest;
			};
			name = Release;
		};
/* End XCBuildConfiguration section */

/* Begin XCConfigurationList section */
		E9FE4C7A183509A800B395A9 /* Build configuration list for PBXProject "TWMasterclass" */ = {
			isa = XCConfigurationList;
			buildConfigurations = (
				E9FE4CA9183509A800B395A9 /* Debug */,
				E9FE4CAA183509A800B395A9 /* Release */,
			);
			defaultConfigurationIsVisible = 0;
			defaultConfigurationName = Release;
		};
		E9FE4CAB183509A800B395A9 /* Build configuration list for PBXNativeTarget "TWMasterclass" */ = {
			isa = XCConfigurationList;
			buildConfigurations = (
				E9FE4CAC183509A800B395A9 /* Debug */,
				E9FE4CAD183509A800B395A9 /* Release */,
			);
			defaultConfigurationIsVisible = 0;
			defaultConfigurationName = Release;
		};
		E9FE4CAE183509A800B395A9 /* Build configuration list for PBXNativeTarget "TWMasterclassTests" */ = {
			isa = XCConfigurationList;
			buildConfigurations = (
				E9FE4CAF183509A800B395A9 /* Debug */,
				E9FE4CB0183509A800B395A9 /* Release */,
			);
			defaultConfigurationIsVisible = 0;
			defaultConfigurationName = Release;
		};
/* End XCConfigurationList section */
	};
	rootObject = E9FE4C77183509A800B395A9 /* Project object */;
}
